
Microsoft Visual Studio Solution File, Format Version 12.00
# Visual Studio 2013
VisualStudioVersion = 12.0.30501.0
MinimumVisualStudioVersion = 10.0.40219.1
Project("{FAE04EC0-301F-11D3-BF4B-00C04F79EFBC}") = "BoundingBoxTest", "BoundingBox\BoundingBox\BoundingBoxTest.csproj", "{185BAF5E-5F21-4824-8A8B-47C81C4BA34C}"
EndProject
Project("{96E2B04D-8817-42C6-938A-82C39BA4D311}") = "BoundingBoxContent", "BoundingBox\BoundingBoxContent\BoundingBoxContent.contentproj", "{5CA3FC24-1753-4C90-9C62-26407B7FF745}"
EndProject
Global
	GlobalSection(SolutionConfigurationPlatforms) = preSolution
		Debug|x86 = Debug|x86
		Release|x86 = Release|x86
	EndGlobalSection
	GlobalSection(ProjectConfigurationPlatforms) = postSolution
		{185BAF5E-5F21-4824-8A8B-47C81C4BA34C}.Debug|x86.ActiveCfg = Debug|x86
		{185BAF5E-5F21-4824-8A8B-47C81C4BA34C}.Debug|x86.Build.0 = Debug|x86
		{185BAF5E-5F21-4824-8A8B-47C81C4BA34C}.Release|x86.ActiveCfg = Release|x86
		{185BAF5E-5F21-4824-8A8B-47C81C4BA34C}.Release|x86.Build.0 = Release|x86
		{5CA3FC24-1753-4C90-9C62-26407B7FF745}.Debug|x86.ActiveCfg = Debug|x86
		{5CA3FC24-1753-4C90-9C62-26407B7FF745}.Release|x86.ActiveCfg = Release|x86
	EndGlobalSection
	GlobalSection(SolutionProperties) = preSolution
		HideSolutionNode = FALSE
	EndGlobalSection
EndGlobal
